
Microsoft Visual Studio Solution File, Format Version 12.00
# Visual Studio Version 17
VisualStudioVersion = 17.11.35327.3
MinimumVisualStudioVersion = 10.0.40219.1
Project("{FAE04EC0-301F-11D3-BF4B-00C04F79EFBC}") = "Kisteria_DIP_activity", "Kisteria_DIP_activity\Kisteria_DIP_activity.csproj", "{F7143BAA-4BCC-412A-9002-D55BF9D55240}"
EndProject
Global
	GlobalSection(SolutionConfigurationPlatforms) = preSolution
		Debug|Any CPU = Debug|Any CPU
		Release|Any CPU = Release|Any CPU
	EndGlobalSection
	GlobalSection(ProjectConfigurationPlatforms) = postSolution
		{F7143BAA-4BCC-412A-9002-D55BF9D55240}.Debug|Any CPU.ActiveCfg = Debug|Any CPU
		{F7143BAA-4BCC-412A-9002-D55BF9D55240}.Debug|Any CPU.Build.0 = Debug|Any CPU
		{F7143BAA-4BCC-412A-9002-D55BF9D55240}.Release|Any CPU.ActiveCfg = Release|Any CPU
		{F7143BAA-4BCC-412A-9002-D55BF9D55240}.Release|Any CPU.Build.0 = Release|Any CPU
	EndGlobalSection
	GlobalSection(SolutionProperties) = preSolution
		HideSolutionNode = FALSE
	EndGlobalSection
	GlobalSection(ExtensibilityGlobals) = postSolution
		SolutionGuid = {0BCFE4AF-0763-4CF0-8563-46C9DD10B141}
	EndGlobalSection
EndGlobal
